
Microsoft Visual Studio Solution File, Format Version 12.00
# Visual Studio 15
VisualStudioVersion = 15.0.28010.2041
MinimumVisualStudioVersion = 10.0.40219.1
Project("{9A19103F-16F7-4668-BE54-9A1E7A4F7556}") = "MultithreadingHomework", "ConsoleApp1\MultithreadingHomework.csproj", "{984BEB30-B721-4ADB-A362-12D80BE7249E}"
EndProject
Global
	GlobalSection(SolutionConfigurationPlatforms) = preSolution
		Debug|Any CPU = Debug|Any CPU
		Release|Any CPU = Release|Any CPU
	EndGlobalSection
	GlobalSection(ProjectConfigurationPlatforms) = postSolution
		{984BEB30-B721-4ADB-A362-12D80BE7249E}.Debug|Any CPU.ActiveCfg = Debug|Any CPU
		{984BEB30-B721-4ADB-A362-12D80BE7249E}.Debug|Any CPU.Build.0 = Debug|Any CPU
		{984BEB30-B721-4ADB-A362-12D80BE7249E}.Release|Any CPU.ActiveCfg = Release|Any CPU
		{984BEB30-B721-4ADB-A362-12D80BE7249E}.Release|Any CPU.Build.0 = Release|Any CPU
	EndGlobalSection
	GlobalSection(SolutionProperties) = preSolution
		HideSolutionNode = FALSE
	EndGlobalSection
	GlobalSection(ExtensibilityGlobals) = postSolution
		SolutionGuid = {2F6B9050-6A45-4CF6-8650-308274FAC330}
	EndGlobalSection
EndGlobal
